
Microsoft Visual Studio Solution File, Format Version 12.00
# Visual Studio Version 17
VisualStudioVersion = 17.0.31903.59
MinimumVisualStudioVersion = 10.0.40219.1
Project("{FAE04EC0-301F-11D3-BF4B-00C04F79EFBC}") = "OfficeItemRentalApp.Core", "OfficeItemRentalApp.Core\OfficeItemRentalApp.Core.csproj", "{E6B09C5A-9E87-4BA2-871D-5CEA630C05B8}"
EndProject
Project("{FAE04EC0-301F-11D3-BF4B-00C04F79EFBC}") = "OfficeItemRentalApp", "OfficeItemRentalApp\OfficeItemRentalApp.csproj", "{A94A0289-387D-4E79-8C92-3D874F3F066C}"
EndProject
Project("{FAE04EC0-301F-11D3-BF4B-00C04F79EFBC}") = "OfficeItemRentalApp.CLI", "OfficeItemRentalApp.CLI\OfficeItemRentalApp.CLI.csproj", "{9597951C-E755-4109-A61E-AA060D25C88F}"
EndProject
Global
	GlobalSection(SolutionConfigurationPlatforms) = preSolution
		Debug|Any CPU = Debug|Any CPU
		Debug|x64 = Debug|x64
		Debug|x86 = Debug|x86
		Release|Any CPU = Release|Any CPU
		Release|x64 = Release|x64
		Release|x86 = Release|x86
	EndGlobalSection
	GlobalSection(ProjectConfigurationPlatforms) = postSolution
		{E6B09C5A-9E87-4BA2-871D-5CEA630C05B8}.Debug|Any CPU.ActiveCfg = Debug|Any CPU
		{E6B09C5A-9E87-4BA2-871D-5CEA630C05B8}.Debug|Any CPU.Build.0 = Debug|Any CPU
		{E6B09C5A-9E87-4BA2-871D-5CEA630C05B8}.Debug|x64.ActiveCfg = Debug|Any CPU
		{E6B09C5A-9E87-4BA2-871D-5CEA630C05B8}.Debug|x64.Build.0 = Debug|Any CPU
		{E6B09C5A-9E87-4BA2-871D-5CEA630C05B8}.Debug|x86.ActiveCfg = Debug|Any CPU
		{E6B09C5A-9E87-4BA2-871D-5CEA630C05B8}.Debug|x86.Build.0 = Debug|Any CPU
		{E6B09C5A-9E87-4BA2-871D-5CEA630C05B8}.Release|Any CPU.ActiveCfg = Release|Any CPU
		{E6B09C5A-9E87-4BA2-871D-5CEA630C05B8}.Release|Any CPU.Build.0 = Release|Any CPU
		{E6B09C5A-9E87-4BA2-871D-5CEA630C05B8}.Release|x64.ActiveCfg = Release|Any CPU
		{E6B09C5A-9E87-4BA2-871D-5CEA630C05B8}.Release|x64.Build.0 = Release|Any CPU
		{E6B09C5A-9E87-4BA2-871D-5CEA630C05B8}.Release|x86.ActiveCfg = Release|Any CPU
		{E6B09C5A-9E87-4BA2-871D-5CEA630C05B8}.Release|x86.Build.0 = Release|Any CPU
		{9597951C-E755-4109-A61E-AA060D25C88F}.Debug|Any CPU.ActiveCfg = Debug|Any CPU
		{9597951C-E755-4109-A61E-AA060D25C88F}.Debug|Any CPU.Build.0 = Debug|Any CPU
		{9597951C-E755-4109-A61E-AA060D25C88F}.Debug|x64.ActiveCfg = Debug|Any CPU
		{9597951C-E755-4109-A61E-AA060D25C88F}.Debug|x64.Build.0 = Debug|Any CPU
		{9597951C-E755-4109-A61E-AA060D25C88F}.Debug|x86.ActiveCfg = Debug|Any CPU
		{9597951C-E755-4109-A61E-AA060D25C88F}.Debug|x86.Build.0 = Debug|Any CPU
		{9597951C-E755-4109-A61E-AA060D25C88F}.Release|Any CPU.ActiveCfg = Release|Any CPU
		{9597951C-E755-4109-A61E-AA060D25C88F}.Release|Any CPU.Build.0 = Release|Any CPU
		{9597951C-E755-4109-A61E-AA060D25C88F}.Release|x64.ActiveCfg = Release|Any CPU
		{9597951C-E755-4109-A61E-AA060D25C88F}.Release|x64.Build.0 = Release|Any CPU
		{9597951C-E755-4109-A61E-AA060D25C88F}.Release|x86.ActiveCfg = Release|Any CPU
		{9597951C-E755-4109-A61E-AA060D25C88F}.Release|x86.Build.0 = Release|Any CPU
		{A94A0289-387D-4E79-8C92-3D874F3F066C}.Debug|Any CPU.ActiveCfg = Debug|Any CPU
		{A94A0289-387D-4E79-8C92-3D874F3F066C}.Debug|Any CPU.Build.0 = Debug|Any CPU
		{A94A0289-387D-4E79-8C92-3D874F3F066C}.Debug|x64.ActiveCfg = Debug|Any CPU
		{A94A0289-387D-4E79-8C92-3D874F3F066C}.Debug|x64.Build.0 = Debug|Any CPU
		{A94A0289-387D-4E79-8C92-3D874F3F066C}.Debug|x86.ActiveCfg = Debug|Any CPU
		{A94A0289-387D-4E79-8C92-3D874F3F066C}.Debug|x86.Build.0 = Debug|Any CPU
		{A94A0289-387D-4E79-8C92-3D874F3F066C}.Release|Any CPU.ActiveCfg = Release|Any CPU
		{A94A0289-387D-4E79-8C92-3D874F3F066C}.Release|Any CPU.Build.0 = Release|Any CPU
		{A94A0289-387D-4E79-8C92-3D874F3F066C}.Release|x64.ActiveCfg = Release|Any CPU
		{A94A0289-387D-4E79-8C92-3D874F3F066C}.Release|x64.Build.0 = Release|Any CPU
		{A94A0289-387D-4E79-8C92-3D874F3F066C}.Release|x86.ActiveCfg = Release|Any CPU
		{A94A0289-387D-4E79-8C92-3D874F3F066C}.Release|x86.Build.0 = Release|Any CPU
	EndGlobalSection
	GlobalSection(SolutionProperties) = preSolution
		HideSolutionNode = FALSE
	EndGlobalSection
EndGlobal
